
Microsoft Visual Studio Solution File, Format Version 12.00
# Visual Studio Version 16
VisualStudioVersion = 16.0.30717.126
MinimumVisualStudioVersion = 10.0.40219.1
Project("{FAE04EC0-301F-11D3-BF4B-00C04F79EFBC}") = "EmployeeRegistration", "EmployeeRegistration.csproj", "{8CCDB55D-6910-4E23-A909-4B6AAB9D6FDA}"
EndProject
Global
	GlobalSection(SolutionConfigurationPlatforms) = preSolution
		Debug|Any CPU = Debug|Any CPU
		Release|Any CPU = Release|Any CPU
	EndGlobalSection
	GlobalSection(ProjectConfigurationPlatforms) = postSolution
		{8CCDB55D-6910-4E23-A909-4B6AAB9D6FDA}.Debug|Any CPU.ActiveCfg = Debug|Any CPU
		{8CCDB55D-6910-4E23-A909-4B6AAB9D6FDA}.Debug|Any CPU.Build.0 = Debug|Any CPU
		{8CCDB55D-6910-4E23-A909-4B6AAB9D6FDA}.Release|Any CPU.ActiveCfg = Release|Any CPU
		{8CCDB55D-6910-4E23-A909-4B6AAB9D6FDA}.Release|Any CPU.Build.0 = Release|Any CPU
	EndGlobalSection
	GlobalSection(SolutionProperties) = preSolution
		HideSolutionNode = FALSE
	EndGlobalSection
	GlobalSection(ExtensibilityGlobals) = postSolution
		SolutionGuid = {6FBCBBB2-5C25-45BA-9093-FAFE6806DDB5}
	EndGlobalSection
EndGlobal
